
Microsoft Visual Studio Solution File, Format Version 12.00
# Visual Studio Version 17
VisualStudioVersion = 17.10.35004.147
MinimumVisualStudioVersion = 10.0.40219.1
Project("{FAE04EC0-301F-11D3-BF4B-00C04F79EFBC}") = "Talabat.APIs", "Talabat.APIs\Talabat.APIs.csproj", "{FD4755BE-D5B7-4BC9-AB22-51C9B03D9D81}"
EndProject
Global
	GlobalSection(SolutionConfigurationPlatforms) = preSolution
		Debug|Any CPU = Debug|Any CPU
		Release|Any CPU = Release|Any CPU
	EndGlobalSection
	GlobalSection(ProjectConfigurationPlatforms) = postSolution
		{FD4755BE-D5B7-4BC9-AB22-51C9B03D9D81}.Debug|Any CPU.ActiveCfg = Debug|Any CPU
		{FD4755BE-D5B7-4BC9-AB22-51C9B03D9D81}.Debug|Any CPU.Build.0 = Debug|Any CPU
		{FD4755BE-D5B7-4BC9-AB22-51C9B03D9D81}.Release|Any CPU.ActiveCfg = Release|Any CPU
		{FD4755BE-D5B7-4BC9-AB22-51C9B03D9D81}.Release|Any CPU.Build.0 = Release|Any CPU
	EndGlobalSection
	GlobalSection(SolutionProperties) = preSolution
		HideSolutionNode = FALSE
	EndGlobalSection
	GlobalSection(ExtensibilityGlobals) = postSolution
		SolutionGuid = {3A22CEA1-2F86-4400-A63E-0B34ED5E38BA}
	EndGlobalSection
EndGlobal
